Microsoft Visual Studio Solution File, Format Version 12.00
# Visual Studio Version 16
VisualStudioVersion = 16.0.0.0
MinimumVisualStudioVersion = 16.0.0.0
Project("{9A19103F-16F7-4668-BE54-9A1E7A4F7556}") = "Portfolio.Server", "Server\Portfolio.Server.csproj", "{973C73BD-2BC1-4D13-965C-2AE62FCCD278}"
EndProject
Project("{9A19103F-16F7-4668-BE54-9A1E7A4F7556}") = "Portfolio.Client", "Client\Portfolio.Client.csproj", "{8ABCEEAF-0890-4694-995D-6FCC675D76C8}"
EndProject
Project("{9A19103F-16F7-4668-BE54-9A1E7A4F7556}") = "Portfolio.Shared", "Shared\Portfolio.Shared.csproj", "{FEF59728-5124-4A12-B833-2D62026B70C4}"
EndProject
Global
	GlobalSection(SolutionConfigurationPlatforms) = preSolution
		Debug|Any CPU = Debug|Any CPU
		Debug|x64 = Debug|x64
		Debug|x86 = Debug|x86
		Release|Any CPU = Release|Any CPU
		Release|x64 = Release|x64
		Release|x86 = Release|x86
	EndGlobalSection
	GlobalSection(ProjectConfigurationPlatforms) = postSolution
		{8ABCEEAF-0890-4694-995D-6FCC675D76C8}.Debug|Any CPU.ActiveCfg = Debug|Any CPU
		{8ABCEEAF-0890-4694-995D-6FCC675D76C8}.Debug|Any CPU.Build.0 = Debug|Any CPU
		{8ABCEEAF-0890-4694-995D-6FCC675D76C8}.Debug|x64.ActiveCfg = Debug|Any CPU
		{8ABCEEAF-0890-4694-995D-6FCC675D76C8}.Debug|x64.Build.0 = Debug|Any CPU
		{8ABCEEAF-0890-4694-995D-6FCC675D76C8}.Debug|x86.ActiveCfg = Debug|Any CPU
		{8ABCEEAF-0890-4694-995D-6FCC675D76C8}.Debug|x86.Build.0 = Debug|Any CPU
		{8ABCEEAF-0890-4694-995D-6FCC675D76C8}.Release|Any CPU.ActiveCfg = Release|Any CPU
		{8ABCEEAF-0890-4694-995D-6FCC675D76C8}.Release|Any CPU.Build.0 = Release|Any CPU
		{8ABCEEAF-0890-4694-995D-6FCC675D76C8}.Release|x64.ActiveCfg = Release|Any CPU
		{8ABCEEAF-0890-4694-995D-6FCC675D76C8}.Release|x64.Build.0 = Release|Any CPU
		{8ABCEEAF-0890-4694-995D-6FCC675D76C8}.Release|x86.ActiveCfg = Release|Any CPU
		{8ABCEEAF-0890-4694-995D-6FCC675D76C8}.Release|x86.Build.0 = Release|Any CPU
		{973C73BD-2BC1-4D13-965C-2AE62FCCD278}.Debug|Any CPU.ActiveCfg = Debug|Any CPU
		{973C73BD-2BC1-4D13-965C-2AE62FCCD278}.Debug|Any CPU.Build.0 = Debug|Any CPU
		{973C73BD-2BC1-4D13-965C-2AE62FCCD278}.Debug|x64.ActiveCfg = Debug|Any CPU
		{973C73BD-2BC1-4D13-965C-2AE62FCCD278}.Debug|x64.Build.0 = Debug|Any CPU
		{973C73BD-2BC1-4D13-965C-2AE62FCCD278}.Debug|x86.ActiveCfg = Debug|Any CPU
		{973C73BD-2BC1-4D13-965C-2AE62FCCD278}.Debug|x86.Build.0 = Debug|Any CPU
		{973C73BD-2BC1-4D13-965C-2AE62FCCD278}.Release|Any CPU.ActiveCfg = Release|Any CPU
		{973C73BD-2BC1-4D13-965C-2AE62FCCD278}.Release|Any CPU.Build.0 = Release|Any CPU
		{973C73BD-2BC1-4D13-965C-2AE62FCCD278}.Release|x64.ActiveCfg = Release|Any CPU
		{973C73BD-2BC1-4D13-965C-2AE62FCCD278}.Release|x64.Build.0 = Release|Any CPU
		{973C73BD-2BC1-4D13-965C-2AE62FCCD278}.Release|x86.ActiveCfg = Release|Any CPU
		{973C73BD-2BC1-4D13-965C-2AE62FCCD278}.Release|x86.Build.0 = Release|Any CPU
		{FEF59728-5124-4A12-B833-2D62026B70C4}.Debug|Any CPU.ActiveCfg = Debug|Any CPU
		{FEF59728-5124-4A12-B833-2D62026B70C4}.Debug|Any CPU.Build.0 = Debug|Any CPU
		{FEF59728-5124-4A12-B833-2D62026B70C4}.Debug|x64.ActiveCfg = Debug|Any CPU
		{FEF59728-5124-4A12-B833-2D62026B70C4}.Debug|x64.Build.0 = Debug|Any CPU
		{FEF59728-5124-4A12-B833-2D62026B70C4}.Debug|x86.ActiveCfg = Debug|Any CPU
		{FEF59728-5124-4A12-B833-2D62026B70C4}.Debug|x86.Build.0 = Debug|Any CPU
		{FEF59728-5124-4A12-B833-2D62026B70C4}.Release|Any CPU.ActiveCfg = Release|Any CPU
		{FEF59728-5124-4A12-B833-2D62026B70C4}.Release|Any CPU.Build.0 = Release|Any CPU
		{FEF59728-5124-4A12-B833-2D62026B70C4}.Release|x64.ActiveCfg = Release|Any CPU
		{FEF59728-5124-4A12-B833-2D62026B70C4}.Release|x64.Build.0 = Release|Any CPU
		{FEF59728-5124-4A12-B833-2D62026B70C4}.Release|x86.ActiveCfg = Release|Any CPU
		{FEF59728-5124-4A12-B833-2D62026B70C4}.Release|x86.Build.0 = Release|Any CPU
	EndGlobalSection
	GlobalSection(SolutionProperties) = preSolution
		HideSolutionNode = FALSE
	EndGlobalSection
	GlobalSection(ExtensibilityGlobals) = postSolution
		SolutionGuid = {FBC98453-759A-45B4-A9B3-B817B70DC27E}
	EndGlobalSection
EndGlobal